// !$*UTF8*$!
{
	archiveVersion = 1;
	classes = {
	};
	objectVersion = 56;
	objects = {

/* Begin PBXBuildFile section */
		8E7522B12AD2BEBE003A311B /* AppDelegate.swift in Sources */ = {isa = PBXBuildFile; fileRef = 8E7522B02AD2BEBE003A311B /* AppDelegate.swift */; };
		8E7522B32AD2BEBE003A311B /* SceneDelegate.swift in Sources */ = {isa = PBXBuildFile; fileRef = 8E7522B22AD2BEBE003A311B /* SceneDelegate.swift */; };
		8E7522B52AD2BEBE003A311B /* ViewController.swift in Sources */ = {isa = PBXBuildFile; fileRef = 8E7522B42AD2BEBE003A311B /* ViewController.swift */; };
		8E7522B82AD2BEBE003A311B /* Main.storyboard in Resources */ = {isa = PBXBuildFile; fileRef = 8E7522B62AD2BEBE003A311B /* Main.storyboard */; };
		8E7522BA2AD2BEC0003A311B /* Assets.xcassets in Resources */ = {isa = PBXBuildFile; fileRef = 8E7522B92AD2BEC0003A311B /* Assets.xcassets */; };
		8E7522BD2AD2BEC0003A311B /* LaunchScreen.storyboard in Resources */ = {isa = PBXBuildFile; fileRef = 8E7522BB2AD2BEC0003A311B /* LaunchScreen.storyboard */; };
		8E7522C62AD2BF21003A311B /* SearchViewController.swift in Sources */ = {isa = PBXBuildFile; fileRef = 8E7522C42AD2BF21003A311B /* SearchViewController.swift */; };
		8E7522C72AD2BF21003A311B /* SearchViewController.xib in Resources */ = {isa = PBXBuildFile; fileRef = 8E7522C52AD2BF21003A311B /* SearchViewController.xib */; };
		8ECBD3FD2AD3152B0010157D /* CollectionViewCell.swift in Sources */ = {isa = PBXBuildFile; fileRef = 8ECBD3FB2AD3152B0010157D /* CollectionViewCell.swift */; };
		8ECBD3FE2AD3152B0010157D /* CollectionViewCell.xib in Resources */ = {isa = PBXBuildFile; fileRef = 8ECBD3FC2AD3152B0010157D /* CollectionViewCell.xib */; };
/* End PBXBuildFile section */

/* Begin PBXFileReference section */
		8E7522AD2AD2BEBE003A311B /* searchbar.app */ = {isa = PBXFileReference; explicitFileType = wrapper.application; includeInIndex = 0; path = searchbar.app; sourceTree = BUILT_PRODUCTS_DIR; };
		8E7522B02AD2BEBE003A311B /* AppDelegate.swift */ = {isa = PBXFileReference; lastKnownFileType = sourcecode.swift; path = AppDelegate.swift; sourceTree = "<group>"; };
		8E7522B22AD2BEBE003A311B /* SceneDelegate.swift */ = {isa = PBXFileReference; lastKnownFileType = sourcecode.swift; path = SceneDelegate.swift; sourceTree = "<group>"; };
		8E7522B42AD2BEBE003A311B /* ViewController.swift */ = {isa = PBXFileReference; lastKnownFileType = sourcecode.swift; path = ViewController.swift; sourceTree = "<group>"; };
		8E7522B72AD2BEBE003A311B /* Base */ = {isa = PBXFileReference; lastKnownFileType = file.storyboard; name = Base; path = Base.lproj/Main.storyboard; sourceTree = "<group>"; };
		8E7522B92AD2BEC0003A311B /* Assets.xcassets */ = {isa = PBXFileReference; lastKnownFileType = folder.assetcatalog; path = Assets.xcassets; sourceTree = "<group>"; };
		8E7522BC2AD2BEC0003A311B /* Base */ = {isa = PBXFileReference; lastKnownFileType = file.storyboard; name = Base; path = Base.lproj/LaunchScreen.storyboard; sourceTree = "<group>"; };
		8E7522BE2AD2BEC0003A311B /* Info.plist */ = {isa = PBXFileReference; lastKnownFileType = text.plist.xml; path = Info.plist; sourceTree = "<group>"; };
		8E7522C42AD2BF21003A311B /* SearchViewController.swift */ = {isa = PBXFileReference; lastKnownFileType = sourcecode.swift; path = SearchViewController.swift; sourceTree = "<group>"; };
		8E7522C52AD2BF21003A311B /* SearchViewController.xib */ = {isa = PBXFileReference; lastKnownFileType = file.xib; path = SearchViewController.xib; sourceTree = "<group>"; };
		8ECBD3FB2AD3152B0010157D /* CollectionViewCell.swift */ = {isa = PBXFileReference; lastKnownFileType = sourcecode.swift; path = CollectionViewCell.swift; sourceTree = "<group>"; };
		8ECBD3FC2AD3152B0010157D /* CollectionViewCell.xib */ = {isa = PBXFileReference; lastKnownFileType = file.xib; path = CollectionViewCell.xib; sourceTree = "<group>"; };
/* End PBXFileReference section */

/* Begin PBXFrameworksBuildPhase section */
		8E7522AA2AD2BEBE003A311B /* Frameworks */ = {
			isa = PBXFrameworksBuildPhase;
			buildActionMask = 2147483647;
			files = (
			);
			runOnlyForDeploymentPostprocessing = 0;
		};
/* End PBXFrameworksBuildPhase section */

/* Begin PBXGroup section */
		8E7522A42AD2BEBE003A311B = {
			isa = PBXGroup;
			children = (
				8E7522AF2AD2BEBE003A311B /* searchbar */,
				8E7522AE2AD2BEBE003A311B /* Products */,
			);
			sourceTree = "<group>";
		};
		8E7522AE2AD2BEBE003A311B /* Products */ = {
			isa = PBXGroup;
			children = (
				8E7522AD2AD2BEBE003A311B /* searchbar.app */,
			);
			name = Products;
			sourceTree = "<group>";
		};
		8E7522AF2AD2BEBE003A311B /* searchbar */ = {
			isa = PBXGroup;
			children = (
				8E7522B02AD2BEBE003A311B /* AppDelegate.swift */,
				8E7522B22AD2BEBE003A311B /* SceneDelegate.swift */,
				8E7522B42AD2BEBE003A311B /* ViewController.swift */,
				8E7522B62AD2BEBE003A311B /* Main.storyboard */,
				8E7522B92AD2BEC0003A311B /* Assets.xcassets */,
				8E7522BB2AD2BEC0003A311B /* LaunchScreen.storyboard */,
				8E7522BE2AD2BEC0003A311B /* Info.plist */,
				8E7522C42AD2BF21003A311B /* SearchViewController.swift */,
				8E7522C52AD2BF21003A311B /* SearchViewController.xib */,
				8ECBD3FB2AD3152B0010157D /* CollectionViewCell.swift */,
				8ECBD3FC2AD3152B0010157D /* CollectionViewCell.xib */,
			);
			path = searchbar;
			sourceTree = "<group>";
		};
/* End PBXGroup section */

/* Begin PBXNativeTarget section */
		8E7522AC2AD2BEBE003A311B /* searchbar */ = {
			isa = PBXNativeTarget;
			buildConfigurationList = 8E7522C12AD2BEC0003A311B /* Build configuration list for PBXNativeTarget "searchbar" */;
			buildPhases = (
				8E7522A92AD2BEBE003A311B /* Sources */,
				8E7522AA2AD2BEBE003A311B /* Frameworks */,
				8E7522AB2AD2BEBE003A311B /* Resources */,
			);
			buildRules = (
			);
			dependencies = (
			);
			name = searchbar;
			productName = searchbar;
			productReference = 8E7522AD2AD2BEBE003A311B /* searchbar.app */;
			productType = "com.apple.product-type.application";
		};
/* End PBXNativeTarget section */

/* Begin PBXProject section */
		8E7522A52AD2BEBE003A311B /* Project object */ = {
			isa = PBXProject;
			attributes = {
				BuildIndependentTargetsInParallel = 1;
				LastSwiftUpdateCheck = 1500;
				LastUpgradeCheck = 1500;
				TargetAttributes = {
					8E7522AC2AD2BEBE003A311B = {
						CreatedOnToolsVersion = 15.0;
					};
				};
			};
			buildConfigurationList = 8E7522A82AD2BEBE003A311B /* Build configuration list for PBXProject "searchbar" */;
			compatibilityVersion = "Xcode 14.0";
			developmentRegion = en;
			hasScannedForEncodings = 0;
			knownRegions = (
				en,
				Base,
			);
			mainGroup = 8E7522A42AD2BEBE003A311B;
			productRefGroup = 8E7522AE2AD2BEBE003A311B /* Products */;
			projectDirPath = "";
			projectRoot = "";
			targets = (
				8E7522AC2AD2BEBE003A311B /* searchbar */,
			);
		};
/* End PBXProject section */

/* Begin PBXResourcesBuildPhase section */
		8E7522AB2AD2BEBE003A311B /* Resources */ = {
			isa = PBXResourcesBuildPhase;
			buildActionMask = 2147483647;
			files = (
				8E7522BD2AD2BEC0003A311B /* LaunchScreen.storyboard in Resources */,
				8E7522BA2AD2BEC0003A311B /* Assets.xcassets in Resources */,
				8E7522C72AD2BF21003A311B /* SearchViewController.xib in Resources */,
				8E7522B82AD2BEBE003A311B /* Main.storyboard in Resources */,
				8ECBD3FE2AD3152B0010157D /* CollectionViewCell.xib in Resources */,
			);
			runOnlyForDeploymentPostprocessing = 0;
		};
/* End PBXResourcesBuildPhase section */

/* Begin PBXSourcesBuildPhase section */
		8E7522A92AD2BEBE003A311B /* Sources */ = {
			isa = PBXSourcesBuildPhase;
			buildActionMask = 2147483647;
			files = (
				8ECBD3FD2AD3152B0010157D /* CollectionViewCell.swift in Sources */,
				8E7522B52AD2BEBE003A311B /* ViewController.swift in Sources */,
				8E7522B12AD2BEBE003A311B /* AppDelegate.swift in Sources */,
				8E7522C62AD2BF21003A311B /* SearchViewController.swift in Sources */,
				8E7522B32AD2BEBE003A311B /* SceneDelegate.swift in Sources */,
			);
			runOnlyForDeploymentPostprocessing = 0;
		};
/* End PBXSourcesBuildPhase section */

/* Begin PBXVariantGroup section */
		8E7522B62AD2BEBE003A311B /* Main.storyboard */ = {
			isa = PBXVariantGroup;
			children = (
				8E7522B72AD2BEBE003A311B /* Base */,
			);
			name = Main.storyboard;
			sourceTree = "<group>";
		};
		8E7522BB2AD2BEC0003A311B /* LaunchScreen.storyboard */ = {
			isa = PBXVariantGroup;
			children = (
				8E7522BC2AD2BEC0003A311B /* Base */,
			);
			name = LaunchScreen.storyboard;
			sourceTree = "<group>";
		};
/* End PBXVariantGroup section */

/* Begin XCBuildConfiguration section */
		8E7522BF2AD2BEC0003A311B /* Debug */ = {
			isa = XCBuildConfiguration;
			buildSettings = {
				ALWAYS_SEARCH_USER_PATHS = NO;
				ASSETCATALOG_COMPILER_GENERATE_SWIFT_ASSET_SYMBOL_EXTENSIONS = YES;
				CLANG_ANALYZER_NONNULL = YES;
				CLANG_ANALYZER_NUMBER_OBJECT_CONVERSION = YES_AGGRESSIVE;
				CLANG_CXX_LANGUAGE_STANDARD = "gnu++20";
				CLANG_ENABLE_MODULES = YES;
				CLANG_ENABLE_OBJC_ARC = YES;
				CLANG_ENABLE_OBJC_WEAK = YES;
				CLANG_WARN_BLOCK_CAPTURE_AUTORELEASING = YES;
				CLANG_WARN_BOOL_CONVERSION = YES;
				CLANG_WARN_COMMA = YES;
				CLANG_WARN_CONSTANT_CONVERSION = YES;
				CLANG_WARN_DEPRECATED_OBJC_IMPLEMENTATIONS = YES;
				CLANG_WARN_DIRECT_OBJC_ISA_USAGE = YES_ERROR;
				CLANG_WARN_DOCUMENTATION_COMMENTS = YES;
				CLANG_WARN_EMPTY_BODY = YES;
				CLANG_WARN_ENUM_CONVERSION = YES;
				CLANG_WARN_INFINITE_RECURSION = YES;
				CLANG_WARN_INT_CONVERSION = YES;
				CLANG_WARN_NON_LITERAL_NULL_CONVERSION = YES;
				CLANG_WARN_OBJC_IMPLICIT_RETAIN_SELF = YES;
				CLANG_WARN_OBJC_LITERAL_CONVERSION = YES;
				CLANG_WARN_OBJC_ROOT_CLASS = YES_ERROR;
				CLANG_WARN_QUOTED_INCLUDE_IN_FRAMEWORK_HEADER = YES;
				CLANG_WARN_RANGE_LOOP_ANALYSIS = YES;
				CLANG_WARN_STRICT_PROTOTYPES = YES;
				CLANG_WARN_SUSPICIOUS_MOVE = YES;
				CLANG_WARN_UNGUARDED_AVAILABILITY = YES_AGGRESSIVE;
				CLANG_WARN_UNREACHABLE_CODE = YES;
				CLANG_WARN__DUPLICATE_METHOD_MATCH = YES;
				COPY_PHASE_STRIP = NO;
				DEBUG_INFORMATION_FORMAT = dwarf;
				ENABLE_STRICT_OBJC_MSGSEND = YES;
				ENABLE_TESTABILITY = YES;
				ENABLE_USER_SCRIPT_SANDBOXING = YES;
				GCC_C_LANGUAGE_STANDARD = gnu17;
				GCC_DYNAMIC_NO_PIC = NO;
				GCC_NO_COMMON_BLOCKS = YES;
				GCC_OPTIMIZATION_LEVEL = 0;
				GCC_PREPROCESSOR_DEFINITIONS = (
					"DEBUG=1",
					"$(inherited)",
				);
				GCC_WARN_64_TO_32_BIT_CONVERSION = YES;
				GCC_WARN_ABOUT_RETURN_TYPE = YES_ERROR;
				GCC_WARN_UNDECLARED_SELECTOR = YES;
				GCC_WARN_UNINITIALIZED_AUTOS = YES_AGGRESSIVE;
				GCC_WARN_UNUSED_FUNCTION = YES;
				GCC_WARN_UNUSED_VARIABLE = YES;
				IPHONEOS_DEPLOYMENT_TARGET = 17.0;
				LOCALIZATION_PREFERS_STRING_CATALOGS = YES;
				MTL_ENABLE_DEBUG_INFO = INCLUDE_SOURCE;
				MTL_FAST_MATH = YES;
				ONLY_ACTIVE_ARCH = YES;
				SDKROOT = iphoneos;
				SWIFT_ACTIVE_COMPILATION_CONDITIONS = "DEBUG $(inherited)";
				SWIFT_OPTIMIZATION_LEVEL = "-Onone";
			};
			name = Debug;
		};
		8E7522C02AD2BEC0003A311B /* Release */ = {
			isa = XCBuildConfiguration;
			buildSettings = {
				ALWAYS_SEARCH_USER_PATHS = NO;
				ASSETCATALOG_COMPILER_GENERATE_SWIFT_ASSET_SYMBOL_EXTENSIONS = YES;
				CLANG_ANALYZER_NONNULL = YES;
				CLANG_ANALYZER_NUMBER_OBJECT_CONVERSION = YES_AGGRESSIVE;
				CLANG_CXX_LANGUAGE_STANDARD = "gnu++20";
				CLANG_ENABLE_MODULES = YES;
				CLANG_ENABLE_OBJC_ARC = YES;
				CLANG_ENABLE_OBJC_WEAK = YES;
				CLANG_WARN_BLOCK_CAPTURE_AUTORELEASING = YES;
				CLANG_WARN_BOOL_CONVERSION = YES;
				CLANG_WARN_COMMA = YES;
				CLANG_WARN_CONSTANT_CONVERSION = YES;
				CLANG_WARN_DEPRECATED_OBJC_IMPLEMENTATIONS = YES;
				CLANG_WARN_DIRECT_OBJC_ISA_USAGE = YES_ERROR;
				CLANG_WARN_DOCUMENTATION_COMMENTS = YES;
				CLANG_WARN_EMPTY_BODY = YES;
				CLANG_WARN_ENUM_CONVERSION = YES;
				CLANG_WARN_INFINITE_RECURSION = YES;
				CLANG_WARN_INT_CONVERSION = YES;
				CLANG_WARN_NON_LITERAL_NULL_CONVERSION = YES;
				CLANG_WARN_OBJC_IMPLICIT_RETAIN_SELF = YES;
				CLANG_WARN_OBJC_LITERAL_CONVERSION = YES;
				CLANG_WARN_OBJC_ROOT_CLASS = YES_ERROR;
				CLANG_WARN_QUOTED_INCLUDE_IN_FRAMEWORK_HEADER = YES;
				CLANG_WARN_RANGE_LOOP_ANALYSIS = YES;
				CLANG_WARN_STRICT_PROTOTYPES = YES;
				CLANG_WARN_SUSPICIOUS_MOVE = YES;
				CLANG_WARN_UNGUARDED_AVAILABILITY = YES_AGGRESSIVE;
				CLANG_WARN_UNREACHABLE_CODE = YES;
				CLANG_WARN__DUPLICATE_METHOD_MATCH = YES;
				COPY_PHASE_STRIP = NO;
				DEBUG_INFORMATION_FORMAT = "dwarf-with-dsym";
				ENABLE_NS_ASSERTIONS = NO;
				ENABLE_STRICT_OBJC_MSGSEND = YES;
				ENABLE_USER_SCRIPT_SANDBOXING = YES;
				GCC_C_LANGUAGE_STANDARD = gnu17;
				GCC_NO_COMMON_BLOCKS = YES;
				GCC_WARN_64_TO_32_BIT_CONVERSION = YES;
				GCC_WARN_ABOUT_RETURN_TYPE = YES_ERROR;
				GCC_WARN_UNDECLARED_SELECTOR = YES;
				GCC_WARN_UNINITIALIZED_AUTOS = YES_AGGRESSIVE;
				GCC_WARN_UNUSED_FUNCTION = YES;
				GCC_WARN_UNUSED_VARIABLE = YES;
				IPHONEOS_DEPLOYMENT_TARGET = 17.0;
				LOCALIZATION_PREFERS_STRING_CATALOGS = YES;
				MTL_ENABLE_DEBUG_INFO = NO;
				MTL_FAST_MATH = YES;
				SDKROOT = iphoneos;
				SWIFT_COMPILATION_MODE = wholemodule;
				VALIDATE_PRODUCT = YES;
			};
			name = Release;
		};
		8E7522C22AD2BEC0003A311B /* Debug */ = {
			isa = XCBuildConfiguration;
			buildSettings = {
				ASSETCATALOG_COMPILER_APPICON_NAME = AppIcon;
				ASSETCATALOG_COMPILER_GLOBAL_ACCENT_COLOR_NAME = AccentColor;
				CODE_SIGN_STYLE = Automatic;
				CURRENT_PROJECT_VERSION = 1;
				DEVELOPMENT_TEAM = 5MR82B22C8;
				GENERATE_INFOPLIST_FILE = YES;
				INFOPLIST_FILE = searchbar/Info.plist;
				INFOPLIST_KEY_UIApplicationSupportsIndirectInputEvents = YES;
				INFOPLIST_KEY_UILaunchStoryboardName = LaunchScreen;
				INFOPLIST_KEY_UIMainStoryboardFile = Main;
				INFOPLIST_KEY_UISupportedInterfaceOrientations_iPad = "UIInterfaceOrientationPortrait UIInterfaceOrientationPortraitUpsideDown UIInterfaceOrientationLandscapeLeft UIInterfaceOrientationLandscapeRight";
				INFOPLIST_KEY_UISupportedInterfaceOrientations_iPhone = "UIInterfaceOrientationPortrait UIInterfaceOrientationLandscapeLeft UIInterfaceOrientationLandscapeRight";
				LD_RUNPATH_SEARCH_PATHS = (
					"$(inherited)",
					"@executable_path/Frameworks",
				);
				MARKETING_VERSION = 1.0;
				PRODUCT_BUNDLE_IDENTIFIER = com.alamin39.searchbar;
				PRODUCT_NAME = "$(TARGET_NAME)";
				SWIFT_EMIT_LOC_STRINGS = YES;
				SWIFT_VERSION = 5.0;
				TARGETED_DEVICE_FAMILY = "1,2";
			};
			name = Debug;
		};
		8E7522C32AD2BEC0003A311B /* Release */ = {
			isa = XCBuildConfiguration;
			buildSettings = {
				ASSETCATALOG_COMPILER_APPICON_NAME = AppIcon;
				ASSETCATALOG_COMPILER_GLOBAL_ACCENT_COLOR_NAME = AccentColor;
				CODE_SIGN_STYLE = Automatic;
				CURRENT_PROJECT_VERSION = 1;
				DEVELOPMENT_TEAM = 5MR82B22C8;
				GENERATE_INFOPLIST_FILE = YES;
				INFOPLIST_FILE = searchbar/Info.plist;
				INFOPLIST_KEY_UIApplicationSupportsIndirectInputEvents = YES;
				INFOPLIST_KEY_UILaunchStoryboardName = LaunchScreen;
				INFOPLIST_KEY_UIMainStoryboardFile = Main;
				INFOPLIST_KEY_UISupportedInterfaceOrientations_iPad = "UIInterfaceOrientationPortrait UIInterfaceOrientationPortraitUpsideDown UIInterfaceOrientationLandscapeLeft UIInterfaceOrientationLandscapeRight";
				INFOPLIST_KEY_UISupportedInterfaceOrientations_iPhone = "UIInterfaceOrientationPortrait UIInterfaceOrientationLandscapeLeft UIInterfaceOrientationLandscapeRight";
				LD_RUNPATH_SEARCH_PATHS = (
					"$(inherited)",
					"@executable_path/Frameworks",
				);
				MARKETING_VERSION = 1.0;
				PRODUCT_BUNDLE_IDENTIFIER = com.alamin39.searchbar;
				PRODUCT_NAME = "$(TARGET_NAME)";
				SWIFT_EMIT_LOC_STRINGS = YES;
				SWIFT_VERSION = 5.0;
				TARGETED_DEVICE_FAMILY = "1,2";
			};
			name = Release;
		};
/* End XCBuildConfiguration section */

/* Begin XCConfigurationList section */
		8E7522A82AD2BEBE003A311B /* Build configuration list for PBXProject "searchbar" */ = {
			isa = XCConfigurationList;
			buildConfigurations = (
				8E7522BF2AD2BEC0003A311B /* Debug */,
				8E7522C02AD2BEC0003A311B /* Release */,
			);
			defaultConfigurationIsVisible = 0;
			defaultConfigurationName = Release;
		};
		8E7522C12AD2BEC0003A311B /* Build configuration list for PBXNativeTarget "searchbar" */ = {
			isa = XCConfigurationList;
			buildConfigurations = (
				8E7522C22AD2BEC0003A311B /* Debug */,
				8E7522C32AD2BEC0003A311B /* Release */,
			);
			defaultConfigurationIsVisible = 0;
			defaultConfigurationName = Release;
		};
/* End XCConfigurationList section */
	};
	rootObject = 8E7522A52AD2BEBE003A311B /* Project object */;
}
